
Microsoft Visual Studio Solution File, Format Version 12.00
# Visual Studio Version 17
VisualStudioVersion = 17.8.34330.188
MinimumVisualStudioVersion = 10.0.40219.1
Project("{FAE04EC0-301F-11D3-BF4B-00C04F79EFBC}") = "ExamTrimmer", "ExamTrimmer\ExamTrimmer.csproj", "{D7321657-4A6F-4C99-805C-E82DD358C63E}"
EndProject
Global
	GlobalSection(SolutionConfigurationPlatforms) = preSolution
		Debug|Any CPU = Debug|Any CPU
		Release|Any CPU = Release|Any CPU
	EndGlobalSection
	GlobalSection(ProjectConfigurationPlatforms) = postSolution
		{D7321657-4A6F-4C99-805C-E82DD358C63E}.Debug|Any CPU.ActiveCfg = Debug|Any CPU
		{D7321657-4A6F-4C99-805C-E82DD358C63E}.Debug|Any CPU.Build.0 = Debug|Any CPU
		{D7321657-4A6F-4C99-805C-E82DD358C63E}.Release|Any CPU.ActiveCfg = Release|Any CPU
		{D7321657-4A6F-4C99-805C-E82DD358C63E}.Release|Any CPU.Build.0 = Release|Any CPU
	EndGlobalSection
	GlobalSection(SolutionProperties) = preSolution
		HideSolutionNode = FALSE
	EndGlobalSection
	GlobalSection(ExtensibilityGlobals) = postSolution
		SolutionGuid = {5D1E63B3-BA3D-4692-AB2E-7339232DDEE4}
	EndGlobalSection
EndGlobal
